
Microsoft Visual Studio Solution File, Format Version 12.00
# Visual Studio Version 17
VisualStudioVersion = 17.14.36221.1 d17.14
MinimumVisualStudioVersion = 10.0.40219.1
Project("{FAE04EC0-301F-11D3-BF4B-00C04F79EFBC}") = "HelloWorld", "HelloWorld\HelloWorld.csproj", "{50EBA3C5-1275-4815-9912-54BB497BFAE0}"
EndProject
Global
	GlobalSection(SolutionConfigurationPlatforms) = preSolution
		Debug|Any CPU = Debug|Any CPU
		Release|Any CPU = Release|Any CPU
	EndGlobalSection
	GlobalSection(ProjectConfigurationPlatforms) = postSolution
		{50EBA3C5-1275-4815-9912-54BB497BFAE0}.Debug|Any CPU.ActiveCfg = Debug|Any CPU
		{50EBA3C5-1275-4815-9912-54BB497BFAE0}.Debug|Any CPU.Build.0 = Debug|Any CPU
		{50EBA3C5-1275-4815-9912-54BB497BFAE0}.Release|Any CPU.ActiveCfg = Release|Any CPU
		{50EBA3C5-1275-4815-9912-54BB497BFAE0}.Release|Any CPU.Build.0 = Release|Any CPU
	EndGlobalSection
	GlobalSection(SolutionProperties) = preSolution
		HideSolutionNode = FALSE
	EndGlobalSection
	GlobalSection(ExtensibilityGlobals) = postSolution
		SolutionGuid = {7E364A7C-9B20-4B74-ACD5-2C843A262E5A}
	EndGlobalSection
EndGlobal
