
Microsoft Visual Studio Solution File, Format Version 12.00
# Visual Studio Version 17
VisualStudioVersion = 17.14.36301.6 d17.14
MinimumVisualStudioVersion = 10.0.40219.1
Project("{FAE04EC0-301F-11D3-BF4B-00C04F79EFBC}") = "ReflectionAssignment", "ReflectionAssignment\ReflectionAssignment.csproj", "{57FC7537-B3CB-4E58-951C-06C4BADDEC29}"
EndProject
Global
	GlobalSection(SolutionConfigurationPlatforms) = preSolution
		Debug|Any CPU = Debug|Any CPU
		Release|Any CPU = Release|Any CPU
	EndGlobalSection
	GlobalSection(ProjectConfigurationPlatforms) = postSolution
		{57FC7537-B3CB-4E58-951C-06C4BADDEC29}.Debug|Any CPU.ActiveCfg = Debug|Any CPU
		{57FC7537-B3CB-4E58-951C-06C4BADDEC29}.Debug|Any CPU.Build.0 = Debug|Any CPU
		{57FC7537-B3CB-4E58-951C-06C4BADDEC29}.Release|Any CPU.ActiveCfg = Release|Any CPU
		{57FC7537-B3CB-4E58-951C-06C4BADDEC29}.Release|Any CPU.Build.0 = Release|Any CPU
	EndGlobalSection
	GlobalSection(SolutionProperties) = preSolution
		HideSolutionNode = FALSE
	EndGlobalSection
	GlobalSection(ExtensibilityGlobals) = postSolution
		SolutionGuid = {BD633A28-D5C7-4840-A97F-700835942800}
	EndGlobalSection
EndGlobal
