
Microsoft Visual Studio Solution File, Format Version 12.00
# Visual Studio Version 17
VisualStudioVersion = 17.14.36301.6 d17.14
MinimumVisualStudioVersion = 10.0.40219.1
Project("{FAE04EC0-301F-11D3-BF4B-00C04F79EFBC}") = "tryCatchFinally", "tryCatchFinally\tryCatchFinally.csproj", "{355D5C39-6D5D-4E0D-96E7-5BEE22AD8CA2}"
EndProject
Global
	GlobalSection(SolutionConfigurationPlatforms) = preSolution
		Debug|Any CPU = Debug|Any CPU
		Release|Any CPU = Release|Any CPU
	EndGlobalSection
	GlobalSection(ProjectConfigurationPlatforms) = postSolution
		{355D5C39-6D5D-4E0D-96E7-5BEE22AD8CA2}.Debug|Any CPU.ActiveCfg = Debug|Any CPU
		{355D5C39-6D5D-4E0D-96E7-5BEE22AD8CA2}.Debug|Any CPU.Build.0 = Debug|Any CPU
		{355D5C39-6D5D-4E0D-96E7-5BEE22AD8CA2}.Release|Any CPU.ActiveCfg = Release|Any CPU
		{355D5C39-6D5D-4E0D-96E7-5BEE22AD8CA2}.Release|Any CPU.Build.0 = Release|Any CPU
	EndGlobalSection
	GlobalSection(SolutionProperties) = preSolution
		HideSolutionNode = FALSE
	EndGlobalSection
	GlobalSection(ExtensibilityGlobals) = postSolution
		SolutionGuid = {F0C08A8B-5E5C-4D21-AA64-811457A8B7A5}
	EndGlobalSection
EndGlobal
